<?xml version="1.0" encoding="UTF-8"?>
<CodeBlocks_project_file>
	<FileVersion major="1" minor="6"/>
	<Project>
		<Option title="Sailing_Boats_Controller"/>
		<Option makefile_is_custom="1"/>
		<Option compiler="gcc"/>
		<Option virtualFolders="CMake Files\;CMake Files\Sailing_Boat_Model\;CMake Files\..\;CMake Files\..\..\;CMake Files\..\..\..\;CMake Files\..\..\..\..\;CMake Files\..\..\..\..\..\;CMake Files\..\..\..\..\..\..\;CMake Files\..\..\..\..\..\..\..\;CMake Files\..\..\..\..\..\..\..\usr\;CMake Files\..\..\..\..\..\..\..\usr\share\;CMake Files\..\..\..\..\..\..\..\usr\share\eigen3\;CMake Files\..\..\..\..\..\..\..\usr\share\eigen3\cmake\;CMake Files\..\..\..\..\..\..\..\usr\lib64\;CMake Files\..\..\..\..\..\..\..\usr\lib64\cmake\;CMake Files\..\..\..\..\..\..\..\usr\lib64\cmake\glfw3\;CMake Files\Visualizer\;"/>
		<Build>
			<Target title="all">
				<Option working_dir="/home/enrico/Documenti/Uni/AI/Sailing_Boats_Autopilot/build_code_block"/>
				<Option type="4"/>
				<MakeCommands>
					<Build command="/usr/bin/make -j12 -f &quot;/home/enrico/Documenti/Uni/AI/Sailing_Boats_Autopilot/build_code_block/Makefile&quot;  VERBOSE=1 all"/>
					<CompileFile command="/usr/bin/make -j12 -f &quot;/home/enrico/Documenti/Uni/AI/Sailing_Boats_Autopilot/build_code_block/Makefile&quot;  VERBOSE=1 &quot;$file&quot;"/>
					<Clean command="/usr/bin/make -j12 -f &quot;/home/enrico/Documenti/Uni/AI/Sailing_Boats_Autopilot/build_code_block/Makefile&quot;  VERBOSE=1 clean"/>
					<DistClean command="/usr/bin/make -j12 -f &quot;/home/enrico/Documenti/Uni/AI/Sailing_Boats_Autopilot/build_code_block/Makefile&quot;  VERBOSE=1 clean"/>
				</MakeCommands>
			</Target>
			<Target title="edit_cache">
				<Option working_dir="/home/enrico/Documenti/Uni/AI/Sailing_Boats_Autopilot/build_code_block"/>
				<Option type="4"/>
				<MakeCommands>
					<Build command="/usr/bin/make -j12 -f &quot;/home/enrico/Documenti/Uni/AI/Sailing_Boats_Autopilot/build_code_block/Makefile&quot;  VERBOSE=1 edit_cache"/>
					<CompileFile command="/usr/bin/make -j12 -f &quot;/home/enrico/Documenti/Uni/AI/Sailing_Boats_Autopilot/build_code_block/Makefile&quot;  VERBOSE=1 &quot;$file&quot;"/>
					<Clean command="/usr/bin/make -j12 -f &quot;/home/enrico/Documenti/Uni/AI/Sailing_Boats_Autopilot/build_code_block/Makefile&quot;  VERBOSE=1 clean"/>
					<DistClean command="/usr/bin/make -j12 -f &quot;/home/enrico/Documenti/Uni/AI/Sailing_Boats_Autopilot/build_code_block/Makefile&quot;  VERBOSE=1 clean"/>
				</MakeCommands>
			</Target>
			<Target title="rebuild_cache">
				<Option working_dir="/home/enrico/Documenti/Uni/AI/Sailing_Boats_Autopilot/build_code_block"/>
				<Option type="4"/>
				<MakeCommands>
					<Build command="/usr/bin/make -j12 -f &quot;/home/enrico/Documenti/Uni/AI/Sailing_Boats_Autopilot/build_code_block/Makefile&quot;  VERBOSE=1 rebuild_cache"/>
					<CompileFile command="/usr/bin/make -j12 -f &quot;/home/enrico/Documenti/Uni/AI/Sailing_Boats_Autopilot/build_code_block/Makefile&quot;  VERBOSE=1 &quot;$file&quot;"/>
					<Clean command="/usr/bin/make -j12 -f &quot;/home/enrico/Documenti/Uni/AI/Sailing_Boats_Autopilot/build_code_block/Makefile&quot;  VERBOSE=1 clean"/>
					<DistClean command="/usr/bin/make -j12 -f &quot;/home/enrico/Documenti/Uni/AI/Sailing_Boats_Autopilot/build_code_block/Makefile&quot;  VERBOSE=1 clean"/>
				</MakeCommands>
			</Target>
			<Target title="model">
				<Option output="/home/enrico/Documenti/Uni/AI/Sailing_Boats_Autopilot/build_code_block/bin/model" prefix_auto="0" extension_auto="0"/>
				<Option working_dir="/home/enrico/Documenti/Uni/AI/Sailing_Boats_Autopilot/build_code_block/bin"/>
				<Option object_output="./"/>
				<Option type="1"/>
				<Option compiler="gcc"/>
				<Compiler>
					<Add directory="/home/enrico/Documenti/Uni/AI/Sailing_Boats_Autopilot/src/Sailing_Boat_Model/../Sockets"/>
					<Add directory="/usr/include/eigen3"/>
					<Add directory="/usr/include/python3.10"/>
					<Add directory="/home/enrico/.local/lib/python3.10/site-packages/numpy/core/include"/>
					<Add directory="/usr/lib/gcc/x86_64-pc-linux-gnu/12.2.0/../../../../include/c++/12.2.0"/>
					<Add directory="/usr/lib/gcc/x86_64-pc-linux-gnu/12.2.0/../../../../include/c++/12.2.0/x86_64-pc-linux-gnu"/>
					<Add directory="/usr/lib/gcc/x86_64-pc-linux-gnu/12.2.0/../../../../include/c++/12.2.0/backward"/>
					<Add directory="/usr/lib/gcc/x86_64-pc-linux-gnu/12.2.0/include"/>
					<Add directory="/usr/local/include"/>
					<Add directory="/usr/lib/gcc/x86_64-pc-linux-gnu/12.2.0/include-fixed"/>
					<Add directory="/usr/include"/>
				</Compiler>
				<MakeCommands>
					<Build command="/usr/bin/make -j12 -f &quot;/home/enrico/Documenti/Uni/AI/Sailing_Boats_Autopilot/build_code_block/Sailing_Boat_Model/Makefile&quot;  VERBOSE=1 model"/>
					<CompileFile command="/usr/bin/make -j12 -f &quot;/home/enrico/Documenti/Uni/AI/Sailing_Boats_Autopilot/build_code_block/Sailing_Boat_Model/Makefile&quot;  VERBOSE=1 &quot;$file&quot;"/>
					<Clean command="/usr/bin/make -j12 -f &quot;/home/enrico/Documenti/Uni/AI/Sailing_Boats_Autopilot/build_code_block/Sailing_Boat_Model/Makefile&quot;  VERBOSE=1 clean"/>
					<DistClean command="/usr/bin/make -j12 -f &quot;/home/enrico/Documenti/Uni/AI/Sailing_Boats_Autopilot/build_code_block/Sailing_Boat_Model/Makefile&quot;  VERBOSE=1 clean"/>
				</MakeCommands>
			</Target>
			<Target title="model/fast">
				<Option output="/home/enrico/Documenti/Uni/AI/Sailing_Boats_Autopilot/build_code_block/bin/model" prefix_auto="0" extension_auto="0"/>
				<Option working_dir="/home/enrico/Documenti/Uni/AI/Sailing_Boats_Autopilot/build_code_block/bin"/>
				<Option object_output="./"/>
				<Option type="1"/>
				<Option compiler="gcc"/>
				<Compiler>
					<Add directory="/home/enrico/Documenti/Uni/AI/Sailing_Boats_Autopilot/src/Sailing_Boat_Model/../Sockets"/>
					<Add directory="/usr/include/eigen3"/>
					<Add directory="/usr/include/python3.10"/>
					<Add directory="/home/enrico/.local/lib/python3.10/site-packages/numpy/core/include"/>
					<Add directory="/usr/lib/gcc/x86_64-pc-linux-gnu/12.2.0/../../../../include/c++/12.2.0"/>
					<Add directory="/usr/lib/gcc/x86_64-pc-linux-gnu/12.2.0/../../../../include/c++/12.2.0/x86_64-pc-linux-gnu"/>
					<Add directory="/usr/lib/gcc/x86_64-pc-linux-gnu/12.2.0/../../../../include/c++/12.2.0/backward"/>
					<Add directory="/usr/lib/gcc/x86_64-pc-linux-gnu/12.2.0/include"/>
					<Add directory="/usr/local/include"/>
					<Add directory="/usr/lib/gcc/x86_64-pc-linux-gnu/12.2.0/include-fixed"/>
					<Add directory="/usr/include"/>
				</Compiler>
				<MakeCommands>
					<Build command="/usr/bin/make -j12 -f &quot;/home/enrico/Documenti/Uni/AI/Sailing_Boats_Autopilot/build_code_block/Sailing_Boat_Model/Makefile&quot;  VERBOSE=1 model/fast"/>
					<CompileFile command="/usr/bin/make -j12 -f &quot;/home/enrico/Documenti/Uni/AI/Sailing_Boats_Autopilot/build_code_block/Sailing_Boat_Model/Makefile&quot;  VERBOSE=1 &quot;$file&quot;"/>
					<Clean command="/usr/bin/make -j12 -f &quot;/home/enrico/Documenti/Uni/AI/Sailing_Boats_Autopilot/build_code_block/Sailing_Boat_Model/Makefile&quot;  VERBOSE=1 clean"/>
					<DistClean command="/usr/bin/make -j12 -f &quot;/home/enrico/Documenti/Uni/AI/Sailing_Boats_Autopilot/build_code_block/Sailing_Boat_Model/Makefile&quot;  VERBOSE=1 clean"/>
				</MakeCommands>
			</Target>
			<Target title="visualizer">
				<Option output="/home/enrico/Documenti/Uni/AI/Sailing_Boats_Autopilot/build_code_block/bin/visualizer" prefix_auto="0" extension_auto="0"/>
				<Option working_dir="/home/enrico/Documenti/Uni/AI/Sailing_Boats_Autopilot/build_code_block/bin"/>
				<Option object_output="./"/>
				<Option type="1"/>
				<Option compiler="gcc"/>
				<Compiler>
					<Add directory="/usr/include/GL"/>
					<Add directory="/home/enrico/Documenti/Uni/AI/Sailing_Boats_Autopilot/src/Visualizer/../Utils"/>
					<Add directory="/home/enrico/Documenti/Uni/AI/Sailing_Boats_Autopilot/src/Visualizer/../Sockets"/>
					<Add directory="/usr/include/eigen3"/>
					<Add directory="/usr/include/python3.10"/>
					<Add directory="/home/enrico/.local/lib/python3.10/site-packages/numpy/core/include"/>
					<Add directory="/usr/lib/gcc/x86_64-pc-linux-gnu/12.2.0/../../../../include/c++/12.2.0"/>
					<Add directory="/usr/lib/gcc/x86_64-pc-linux-gnu/12.2.0/../../../../include/c++/12.2.0/x86_64-pc-linux-gnu"/>
					<Add directory="/usr/lib/gcc/x86_64-pc-linux-gnu/12.2.0/../../../../include/c++/12.2.0/backward"/>
					<Add directory="/usr/lib/gcc/x86_64-pc-linux-gnu/12.2.0/include"/>
					<Add directory="/usr/local/include"/>
					<Add directory="/usr/lib/gcc/x86_64-pc-linux-gnu/12.2.0/include-fixed"/>
					<Add directory="/usr/include"/>
				</Compiler>
				<MakeCommands>
					<Build command="/usr/bin/make -j12 -f &quot;/home/enrico/Documenti/Uni/AI/Sailing_Boats_Autopilot/build_code_block/Visualizer/Makefile&quot;  VERBOSE=1 visualizer"/>
					<CompileFile command="/usr/bin/make -j12 -f &quot;/home/enrico/Documenti/Uni/AI/Sailing_Boats_Autopilot/build_code_block/Visualizer/Makefile&quot;  VERBOSE=1 &quot;$file&quot;"/>
					<Clean command="/usr/bin/make -j12 -f &quot;/home/enrico/Documenti/Uni/AI/Sailing_Boats_Autopilot/build_code_block/Visualizer/Makefile&quot;  VERBOSE=1 clean"/>
					<DistClean command="/usr/bin/make -j12 -f &quot;/home/enrico/Documenti/Uni/AI/Sailing_Boats_Autopilot/build_code_block/Visualizer/Makefile&quot;  VERBOSE=1 clean"/>
				</MakeCommands>
			</Target>
			<Target title="visualizer/fast">
				<Option output="/home/enrico/Documenti/Uni/AI/Sailing_Boats_Autopilot/build_code_block/bin/visualizer" prefix_auto="0" extension_auto="0"/>
				<Option working_dir="/home/enrico/Documenti/Uni/AI/Sailing_Boats_Autopilot/build_code_block/bin"/>
				<Option object_output="./"/>
				<Option type="1"/>
				<Option compiler="gcc"/>
				<Compiler>
					<Add directory="/usr/include/GL"/>
					<Add directory="/home/enrico/Documenti/Uni/AI/Sailing_Boats_Autopilot/src/Visualizer/../Utils"/>
					<Add directory="/home/enrico/Documenti/Uni/AI/Sailing_Boats_Autopilot/src/Visualizer/../Sockets"/>
					<Add directory="/usr/include/eigen3"/>
					<Add directory="/usr/include/python3.10"/>
					<Add directory="/home/enrico/.local/lib/python3.10/site-packages/numpy/core/include"/>
					<Add directory="/usr/lib/gcc/x86_64-pc-linux-gnu/12.2.0/../../../../include/c++/12.2.0"/>
					<Add directory="/usr/lib/gcc/x86_64-pc-linux-gnu/12.2.0/../../../../include/c++/12.2.0/x86_64-pc-linux-gnu"/>
					<Add directory="/usr/lib/gcc/x86_64-pc-linux-gnu/12.2.0/../../../../include/c++/12.2.0/backward"/>
					<Add directory="/usr/lib/gcc/x86_64-pc-linux-gnu/12.2.0/include"/>
					<Add directory="/usr/local/include"/>
					<Add directory="/usr/lib/gcc/x86_64-pc-linux-gnu/12.2.0/include-fixed"/>
					<Add directory="/usr/include"/>
				</Compiler>
				<MakeCommands>
					<Build command="/usr/bin/make -j12 -f &quot;/home/enrico/Documenti/Uni/AI/Sailing_Boats_Autopilot/build_code_block/Visualizer/Makefile&quot;  VERBOSE=1 visualizer/fast"/>
					<CompileFile command="/usr/bin/make -j12 -f &quot;/home/enrico/Documenti/Uni/AI/Sailing_Boats_Autopilot/build_code_block/Visualizer/Makefile&quot;  VERBOSE=1 &quot;$file&quot;"/>
					<Clean command="/usr/bin/make -j12 -f &quot;/home/enrico/Documenti/Uni/AI/Sailing_Boats_Autopilot/build_code_block/Visualizer/Makefile&quot;  VERBOSE=1 clean"/>
					<DistClean command="/usr/bin/make -j12 -f &quot;/home/enrico/Documenti/Uni/AI/Sailing_Boats_Autopilot/build_code_block/Visualizer/Makefile&quot;  VERBOSE=1 clean"/>
				</MakeCommands>
			</Target>
		</Build>
		<Unit filename="/home/enrico/Documenti/Uni/AI/Sailing_Boats_Autopilot/src/Sailing_Boat_Model/model.cpp">
			<Option target="model"/>
		</Unit>
		<Unit filename="/home/enrico/Documenti/Uni/AI/Sailing_Boats_Autopilot/src/Visualizer/visualizer.cpp">
			<Option target="visualizer"/>
		</Unit>
		<Unit filename="/home/enrico/Documenti/Uni/AI/Sailing_Boats_Autopilot/src/CMakeLists.txt">
			<Option virtualFolder="CMake Files\"/>
		</Unit>
		<Unit filename="/home/enrico/Documenti/Uni/AI/Sailing_Boats_Autopilot/src/Sailing_Boat_Model/CMakeLists.txt">
			<Option virtualFolder="CMake Files\Sailing_Boat_Model\"/>
		</Unit>
		<Unit filename="/home/enrico/Documenti/Uni/AI/Sailing_Boats_Autopilot/src/../../../../../../../usr/share/eigen3/cmake/Eigen3Config.cmake">
			<Option virtualFolder="CMake Files\..\..\..\..\..\..\..\usr\share\eigen3\cmake\"/>
		</Unit>
		<Unit filename="/home/enrico/Documenti/Uni/AI/Sailing_Boats_Autopilot/src/../../../../../../../usr/share/eigen3/cmake/Eigen3ConfigVersion.cmake">
			<Option virtualFolder="CMake Files\..\..\..\..\..\..\..\usr\share\eigen3\cmake\"/>
		</Unit>
		<Unit filename="/home/enrico/Documenti/Uni/AI/Sailing_Boats_Autopilot/src/../../../../../../../usr/share/eigen3/cmake/Eigen3Targets.cmake">
			<Option virtualFolder="CMake Files\..\..\..\..\..\..\..\usr\share\eigen3\cmake\"/>
		</Unit>
		<Unit filename="/home/enrico/Documenti/Uni/AI/Sailing_Boats_Autopilot/src/../../../../../../../usr/lib64/cmake/glfw3/glfw3Config.cmake">
			<Option virtualFolder="CMake Files\..\..\..\..\..\..\..\usr\lib64\cmake\glfw3\"/>
		</Unit>
		<Unit filename="/home/enrico/Documenti/Uni/AI/Sailing_Boats_Autopilot/src/../../../../../../../usr/lib64/cmake/glfw3/glfw3ConfigVersion.cmake">
			<Option virtualFolder="CMake Files\..\..\..\..\..\..\..\usr\lib64\cmake\glfw3\"/>
		</Unit>
		<Unit filename="/home/enrico/Documenti/Uni/AI/Sailing_Boats_Autopilot/src/../../../../../../../usr/lib64/cmake/glfw3/glfw3Targets-noconfig.cmake">
			<Option virtualFolder="CMake Files\..\..\..\..\..\..\..\usr\lib64\cmake\glfw3\"/>
		</Unit>
		<Unit filename="/home/enrico/Documenti/Uni/AI/Sailing_Boats_Autopilot/src/../../../../../../../usr/lib64/cmake/glfw3/glfw3Targets.cmake">
			<Option virtualFolder="CMake Files\..\..\..\..\..\..\..\usr\lib64\cmake\glfw3\"/>
		</Unit>
		<Unit filename="/home/enrico/Documenti/Uni/AI/Sailing_Boats_Autopilot/src/Visualizer/CMakeLists.txt">
			<Option virtualFolder="CMake Files\Visualizer\"/>
		</Unit>
		<Unit filename="/home/enrico/Documenti/Uni/AI/Sailing_Boats_Autopilot/src/Visualizer/Colline.obj">
			<Option virtualFolder="CMake Files\Visualizer\"/>
		</Unit>
		<Unit filename="/home/enrico/Documenti/Uni/AI/Sailing_Boats_Autopilot/src/Visualizer/Current_Arrow.obj">
			<Option virtualFolder="CMake Files\Visualizer\"/>
		</Unit>
		<Unit filename="/home/enrico/Documenti/Uni/AI/Sailing_Boats_Autopilot/src/Visualizer/Force_Arrow.obj">
			<Option virtualFolder="CMake Files\Visualizer\"/>
		</Unit>
		<Unit filename="/home/enrico/Documenti/Uni/AI/Sailing_Boats_Autopilot/src/Visualizer/Sail.obj">
			<Option virtualFolder="CMake Files\Visualizer\"/>
		</Unit>
		<Unit filename="/home/enrico/Documenti/Uni/AI/Sailing_Boats_Autopilot/src/Visualizer/Sail_Boat_Without_Sails.obj">
			<Option virtualFolder="CMake Files\Visualizer\"/>
		</Unit>
		<Unit filename="/home/enrico/Documenti/Uni/AI/Sailing_Boats_Autopilot/src/Visualizer/Sailing_Boat.obj">
			<Option virtualFolder="CMake Files\Visualizer\"/>
		</Unit>
		<Unit filename="/home/enrico/Documenti/Uni/AI/Sailing_Boats_Autopilot/src/Visualizer/Wind_Arrow.obj">
			<Option virtualFolder="CMake Files\Visualizer\"/>
		</Unit>
		<Unit filename="/home/enrico/Documenti/Uni/AI/Sailing_Boats_Autopilot/src/Visualizer/fragShader.glsl">
			<Option virtualFolder="CMake Files\Visualizer\"/>
		</Unit>
		<Unit filename="/home/enrico/Documenti/Uni/AI/Sailing_Boats_Autopilot/src/Visualizer/vertShader.glsl">
			<Option virtualFolder="CMake Files\Visualizer\"/>
		</Unit>
	</Project>
</CodeBlocks_project_file>
